
Microsoft Visual Studio Solution File, Format Version 12.00
# Visual Studio Version 17
VisualStudioVersion = 17.7.34003.232
MinimumVisualStudioVersion = 10.0.40219.1
Project("{FAE04EC0-301F-11D3-BF4B-00C04F79EFBC}") = "BCMT_Associates", "BCMT_Associates\BCMT_Associates.csproj", "{355A3A19-2E22-4FD5-9C6A-A2D38917AB8C}"
EndProject
Global
	GlobalSection(SolutionConfigurationPlatforms) = preSolution
		Debug|Any CPU = Debug|Any CPU
		Release|Any CPU = Release|Any CPU
	EndGlobalSection
	GlobalSection(ProjectConfigurationPlatforms) = postSolution
		{355A3A19-2E22-4FD5-9C6A-A2D38917AB8C}.Debug|Any CPU.ActiveCfg = Debug|Any CPU
		{355A3A19-2E22-4FD5-9C6A-A2D38917AB8C}.Debug|Any CPU.Build.0 = Debug|Any CPU
		{355A3A19-2E22-4FD5-9C6A-A2D38917AB8C}.Release|Any CPU.ActiveCfg = Release|Any CPU
		{355A3A19-2E22-4FD5-9C6A-A2D38917AB8C}.Release|Any CPU.Build.0 = Release|Any CPU
	EndGlobalSection
	GlobalSection(SolutionProperties) = preSolution
		HideSolutionNode = FALSE
	EndGlobalSection
	GlobalSection(ExtensibilityGlobals) = postSolution
		SolutionGuid = {BE846148-AB5A-4F10-9160-9C48FDA6EA1B}
	EndGlobalSection
EndGlobal
